
Microsoft Visual Studio Solution File, Format Version 12.00
# Visual Studio Version 16
VisualStudioVersion = 16.0.30114.105
MinimumVisualStudioVersion = 10.0.40219.1
Project("{2150E333-8FDC-42A3-9474-1A3956D46DE8}") = "src", "src", "{827E0CD3-B72D-47B6-A68D-7590B98EB39B}"
EndProject
Project("{FAE04EC0-301F-11D3-BF4B-00C04F79EFBC}") = "Rojan.Desktop.Common", "src\Rojan.Desktop.Common\Rojan.Desktop.Common.csproj", "{7D0AF1A1-63BA-46E6-A888-01E03297821F}"
EndProject
Project("{FAE04EC0-301F-11D3-BF4B-00C04F79EFBC}") = "Rojan.Desktop.Domain", "src\Rojan.Desktop.Domain\Rojan.Desktop.Domain.csproj", "{9BEE8341-EFE4-451C-A04B-63CD99AACA48}"
EndProject
Project("{FAE04EC0-301F-11D3-BF4B-00C04F79EFBC}") = "Rojan.Desktop.Application", "src\Rojan.Desktop.Application\Rojan.Desktop.Application.csproj", "{DFCA387E-7237-4656-B3EB-7C384C6E7CB7}"
EndProject
Project("{FAE04EC0-301F-11D3-BF4B-00C04F79EFBC}") = "Rojan.Desktop.Infrastructure", "src\Rojan.Desktop.Infrastructure\Rojan.Desktop.Infrastructure.csproj", "{5F925042-E8C8-4264-B6A2-7E74D07FB64E}"
EndProject
Project("{FAE04EC0-301F-11D3-BF4B-00C04F79EFBC}") = "Rojan.Desktop.Presentation", "src\Rojan.Desktop.Presentation\Rojan.Desktop.Presentation.csproj", "{C53F62BF-5B4F-4B05-A6B0-084BF0D60CF9}"
EndProject
Project("{FAE04EC0-301F-11D3-BF4B-00C04F79EFBC}") = "Rojan.Desktop.Shell", "src\Rojan.Desktop.Shell\Rojan.Desktop.Shell.csproj", "{43772550-CBDF-467D-83BA-AFD16CD19A60}"
EndProject
Project("{FAE04EC0-301F-11D3-BF4B-00C04F79EFBC}") = "Rojan.Desktop.Domain.Tests", "tests\Rojan.Desktop.Domain.Tests\Rojan.Desktop.Domain.Tests.csproj", "{318B299B-C8D5-4ACC-9F32-EE9C966123DB}"
EndProject
Project("{FAE04EC0-301F-11D3-BF4B-00C04F79EFBC}") = "Rojan.Desktop.Application.Tests", "tests\Rojan.Desktop.Application.Tests\Rojan.Desktop.Application.Tests.csproj", "{E3D05C39-8FA7-48D3-A7AE-01C565AA11EF}"
EndProject
Project("{FAE04EC0-301F-11D3-BF4B-00C04F79EFBC}") = "Rojan.Desktop.Infrastructure.Tests", "tests\Rojan.Desktop.Infrastructure.Tests\Rojan.Desktop.Infrastructure.Tests.csproj", "{89A44FA9-27A1-45A7-AB2C-6C60FE754EBC}"
EndProject
Project("{FAE04EC0-301F-11D3-BF4B-00C04F79EFBC}") = "Rojan.Desktop.Presentation.Tests", "tests\Rojan.Desktop.Presentation.Tests\Rojan.Desktop.Presentation.Tests.csproj", "{E001A7B7-61ED-4802-BFE2-D4D63931956E}"
EndProject
Project("{FAE04EC0-301F-11D3-BF4B-00C04F79EFBC}") = "Rojan.Desktop.ArchitectureTests", "tests\Rojan.Desktop.ArchitectureTests\Rojan.Desktop.ArchitectureTests.csproj", "{2218267E-BE30-43E0-AC46-48049FF59AB8}"
EndProject
Global
	GlobalSection(SolutionConfigurationPlatforms) = preSolution
		Debug|Any CPU = Debug|Any CPU
		Debug|x64 = Debug|x64
		Debug|x86 = Debug|x86
		Release|Any CPU = Release|Any CPU
		Release|x64 = Release|x64
		Release|x86 = Release|x86
	EndGlobalSection
	GlobalSection(ProjectConfigurationPlatforms) = postSolution
		{7D0AF1A1-63BA-46E6-A888-01E03297821F}.Debug|Any CPU.ActiveCfg = Debug|Any CPU
		{7D0AF1A1-63BA-46E6-A888-01E03297821F}.Debug|Any CPU.Build.0 = Debug|Any CPU
		{7D0AF1A1-63BA-46E6-A888-01E03297821F}.Debug|x64.ActiveCfg = Debug|Any CPU
		{7D0AF1A1-63BA-46E6-A888-01E03297821F}.Debug|x64.Build.0 = Debug|Any CPU
		{7D0AF1A1-63BA-46E6-A888-01E03297821F}.Debug|x86.ActiveCfg = Debug|Any CPU
		{7D0AF1A1-63BA-46E6-A888-01E03297821F}.Debug|x86.Build.0 = Debug|Any CPU
		{7D0AF1A1-63BA-46E6-A888-01E03297821F}.Release|Any CPU.ActiveCfg = Release|Any CPU
		{7D0AF1A1-63BA-46E6-A888-01E03297821F}.Release|Any CPU.Build.0 = Release|Any CPU
		{7D0AF1A1-63BA-46E6-A888-01E03297821F}.Release|x64.ActiveCfg = Release|Any CPU
		{7D0AF1A1-63BA-46E6-A888-01E03297821F}.Release|x64.Build.0 = Release|Any CPU
		{7D0AF1A1-63BA-46E6-A888-01E03297821F}.Release|x86.ActiveCfg = Release|Any CPU
		{7D0AF1A1-63BA-46E6-A888-01E03297821F}.Release|x86.Build.0 = Release|Any CPU
		{9BEE8341-EFE4-451C-A04B-63CD99AACA48}.Debug|Any CPU.ActiveCfg = Debug|Any CPU
		{9BEE8341-EFE4-451C-A04B-63CD99AACA48}.Debug|Any CPU.Build.0 = Debug|Any CPU
		{9BEE8341-EFE4-451C-A04B-63CD99AACA48}.Debug|x64.ActiveCfg = Debug|Any CPU
		{9BEE8341-EFE4-451C-A04B-63CD99AACA48}.Debug|x64.Build.0 = Debug|Any CPU
		{9BEE8341-EFE4-451C-A04B-63CD99AACA48}.Debug|x86.ActiveCfg = Debug|Any CPU
		{9BEE8341-EFE4-451C-A04B-63CD99AACA48}.Debug|x86.Build.0 = Debug|Any CPU
		{9BEE8341-EFE4-451C-A04B-63CD99AACA48}.Release|Any CPU.ActiveCfg = Release|Any CPU
		{9BEE8341-EFE4-451C-A04B-63CD99AACA48}.Release|Any CPU.Build.0 = Release|Any CPU
		{9BEE8341-EFE4-451C-A04B-63CD99AACA48}.Release|x64.ActiveCfg = Release|Any CPU
		{9BEE8341-EFE4-451C-A04B-63CD99AACA48}.Release|x64.Build.0 = Release|Any CPU
		{9BEE8341-EFE4-451C-A04B-63CD99AACA48}.Release|x86.ActiveCfg = Release|Any CPU
		{9BEE8341-EFE4-451C-A04B-63CD99AACA48}.Release|x86.Build.0 = Release|Any CPU
		{DFCA387E-7237-4656-B3EB-7C384C6E7CB7}.Debug|Any CPU.ActiveCfg = Debug|Any CPU
		{DFCA387E-7237-4656-B3EB-7C384C6E7CB7}.Debug|Any CPU.Build.0 = Debug|Any CPU
		{DFCA387E-7237-4656-B3EB-7C384C6E7CB7}.Debug|x64.ActiveCfg = Debug|Any CPU
		{DFCA387E-7237-4656-B3EB-7C384C6E7CB7}.Debug|x64.Build.0 = Debug|Any CPU
		{DFCA387E-7237-4656-B3EB-7C384C6E7CB7}.Debug|x86.ActiveCfg = Debug|Any CPU
		{DFCA387E-7237-4656-B3EB-7C384C6E7CB7}.Debug|x86.Build.0 = Debug|Any CPU
		{DFCA387E-7237-4656-B3EB-7C384C6E7CB7}.Release|Any CPU.ActiveCfg = Release|Any CPU
		{DFCA387E-7237-4656-B3EB-7C384C6E7CB7}.Release|Any CPU.Build.0 = Release|Any CPU
		{DFCA387E-7237-4656-B3EB-7C384C6E7CB7}.Release|x64.ActiveCfg = Release|Any CPU
		{DFCA387E-7237-4656-B3EB-7C384C6E7CB7}.Release|x64.Build.0 = Release|Any CPU
		{DFCA387E-7237-4656-B3EB-7C384C6E7CB7}.Release|x86.ActiveCfg = Release|Any CPU
		{DFCA387E-7237-4656-B3EB-7C384C6E7CB7}.Release|x86.Build.0 = Release|Any CPU
		{5F925042-E8C8-4264-B6A2-7E74D07FB64E}.Debug|Any CPU.ActiveCfg = Debug|Any CPU
		{5F925042-E8C8-4264-B6A2-7E74D07FB64E}.Debug|Any CPU.Build.0 = Debug|Any CPU
		{5F925042-E8C8-4264-B6A2-7E74D07FB64E}.Debug|x64.ActiveCfg = Debug|Any CPU
		{5F925042-E8C8-4264-B6A2-7E74D07FB64E}.Debug|x64.Build.0 = Debug|Any CPU
		{5F925042-E8C8-4264-B6A2-7E74D07FB64E}.Debug|x86.ActiveCfg = Debug|Any CPU
		{5F925042-E8C8-4264-B6A2-7E74D07FB64E}.Debug|x86.Build.0 = Debug|Any CPU
		{5F925042-E8C8-4264-B6A2-7E74D07FB64E}.Release|Any CPU.ActiveCfg = Release|Any CPU
		{5F925042-E8C8-4264-B6A2-7E74D07FB64E}.Release|Any CPU.Build.0 = Release|Any CPU
		{5F925042-E8C8-4264-B6A2-7E74D07FB64E}.Release|x64.ActiveCfg = Release|Any CPU
		{5F925042-E8C8-4264-B6A2-7E74D07FB64E}.Release|x64.Build.0 = Release|Any CPU
		{5F925042-E8C8-4264-B6A2-7E74D07FB64E}.Release|x86.ActiveCfg = Release|Any CPU
		{5F925042-E8C8-4264-B6A2-7E74D07FB64E}.Release|x86.Build.0 = Release|Any CPU
		{C53F62BF-5B4F-4B05-A6B0-084BF0D60CF9}.Debug|Any CPU.ActiveCfg = Debug|Any CPU
		{C53F62BF-5B4F-4B05-A6B0-084BF0D60CF9}.Debug|Any CPU.Build.0 = Debug|Any CPU
		{C53F62BF-5B4F-4B05-A6B0-084BF0D60CF9}.Debug|x64.ActiveCfg = Debug|Any CPU
		{C53F62BF-5B4F-4B05-A6B0-084BF0D60CF9}.Debug|x64.Build.0 = Debug|Any CPU
		{C53F62BF-5B4F-4B05-A6B0-084BF0D60CF9}.Debug|x86.ActiveCfg = Debug|Any CPU
		{C53F62BF-5B4F-4B05-A6B0-084BF0D60CF9}.Debug|x86.Build.0 = Debug|Any CPU
		{C53F62BF-5B4F-4B05-A6B0-084BF0D60CF9}.Release|Any CPU.ActiveCfg = Release|Any CPU
		{C53F62BF-5B4F-4B05-A6B0-084BF0D60CF9}.Release|Any CPU.Build.0 = Release|Any CPU
		{C53F62BF-5B4F-4B05-A6B0-084BF0D60CF9}.Release|x64.ActiveCfg = Release|Any CPU
		{C53F62BF-5B4F-4B05-A6B0-084BF0D60CF9}.Release|x64.Build.0 = Release|Any CPU
		{C53F62BF-5B4F-4B05-A6B0-084BF0D60CF9}.Release|x86.ActiveCfg = Release|Any CPU
		{C53F62BF-5B4F-4B05-A6B0-084BF0D60CF9}.Release|x86.Build.0 = Release|Any CPU
		{43772550-CBDF-467D-83BA-AFD16CD19A60}.Debug|Any CPU.ActiveCfg = Debug|Any CPU
		{43772550-CBDF-467D-83BA-AFD16CD19A60}.Debug|Any CPU.Build.0 = Debug|Any CPU
		{43772550-CBDF-467D-83BA-AFD16CD19A60}.Debug|x64.ActiveCfg = Debug|Any CPU
		{43772550-CBDF-467D-83BA-AFD16CD19A60}.Debug|x64.Build.0 = Debug|Any CPU
		{43772550-CBDF-467D-83BA-AFD16CD19A60}.Debug|x86.ActiveCfg = Debug|Any CPU
		{43772550-CBDF-467D-83BA-AFD16CD19A60}.Debug|x86.Build.0 = Debug|Any CPU
		{43772550-CBDF-467D-83BA-AFD16CD19A60}.Release|Any CPU.ActiveCfg = Release|Any CPU
		{43772550-CBDF-467D-83BA-AFD16CD19A60}.Release|Any CPU.Build.0 = Release|Any CPU
		{43772550-CBDF-467D-83BA-AFD16CD19A60}.Release|x64.ActiveCfg = Release|Any CPU
		{43772550-CBDF-467D-83BA-AFD16CD19A60}.Release|x64.Build.0 = Release|Any CPU
		{43772550-CBDF-467D-83BA-AFD16CD19A60}.Release|x86.ActiveCfg = Release|Any CPU
		{43772550-CBDF-467D-83BA-AFD16CD19A60}.Release|x86.Build.0 = Release|Any CPU
		{318B299B-C8D5-4ACC-9F32-EE9C966123DB}.Debug|Any CPU.ActiveCfg = Debug|Any CPU
		{318B299B-C8D5-4ACC-9F32-EE9C966123DB}.Debug|Any CPU.Build.0 = Debug|Any CPU
		{318B299B-C8D5-4ACC-9F32-EE9C966123DB}.Debug|x64.ActiveCfg = Debug|Any CPU
		{318B299B-C8D5-4ACC-9F32-EE9C966123DB}.Debug|x64.Build.0 = Debug|Any CPU
		{318B299B-C8D5-4ACC-9F32-EE9C966123DB}.Debug|x86.ActiveCfg = Debug|Any CPU
		{318B299B-C8D5-4ACC-9F32-EE9C966123DB}.Debug|x86.Build.0 = Debug|Any CPU
		{318B299B-C8D5-4ACC-9F32-EE9C966123DB}.Release|Any CPU.ActiveCfg = Release|Any CPU
		{318B299B-C8D5-4ACC-9F32-EE9C966123DB}.Release|Any CPU.Build.0 = Release|Any CPU
		{318B299B-C8D5-4ACC-9F32-EE9C966123DB}.Release|x64.ActiveCfg = Release|Any CPU
		{318B299B-C8D5-4ACC-9F32-EE9C966123DB}.Release|x64.Build.0 = Release|Any CPU
		{318B299B-C8D5-4ACC-9F32-EE9C966123DB}.Release|x86.ActiveCfg = Release|Any CPU
		{318B299B-C8D5-4ACC-9F32-EE9C966123DB}.Release|x86.Build.0 = Release|Any CPU
		{E3D05C39-8FA7-48D3-A7AE-01C565AA11EF}.Debug|Any CPU.ActiveCfg = Debug|Any CPU
		{E3D05C39-8FA7-48D3-A7AE-01C565AA11EF}.Debug|Any CPU.Build.0 = Debug|Any CPU
		{E3D05C39-8FA7-48D3-A7AE-01C565AA11EF}.Debug|x64.ActiveCfg = Debug|Any CPU
		{E3D05C39-8FA7-48D3-A7AE-01C565AA11EF}.Debug|x64.Build.0 = Debug|Any CPU
		{E3D05C39-8FA7-48D3-A7AE-01C565AA11EF}.Debug|x86.ActiveCfg = Debug|Any CPU
		{E3D05C39-8FA7-48D3-A7AE-01C565AA11EF}.Debug|x86.Build.0 = Debug|Any CPU
		{E3D05C39-8FA7-48D3-A7AE-01C565AA11EF}.Release|Any CPU.ActiveCfg = Release|Any CPU
		{E3D05C39-8FA7-48D3-A7AE-01C565AA11EF}.Release|Any CPU.Build.0 = Release|Any CPU
		{E3D05C39-8FA7-48D3-A7AE-01C565AA11EF}.Release|x64.ActiveCfg = Release|Any CPU
		{E3D05C39-8FA7-48D3-A7AE-01C565AA11EF}.Release|x64.Build.0 = Release|Any CPU
		{E3D05C39-8FA7-48D3-A7AE-01C565AA11EF}.Release|x86.ActiveCfg = Release|Any CPU
		{E3D05C39-8FA7-48D3-A7AE-01C565AA11EF}.Release|x86.Build.0 = Release|Any CPU
		{89A44FA9-27A1-45A7-AB2C-6C60FE754EBC}.Debug|Any CPU.ActiveCfg = Debug|Any CPU
		{89A44FA9-27A1-45A7-AB2C-6C60FE754EBC}.Debug|Any CPU.Build.0 = Debug|Any CPU
		{89A44FA9-27A1-45A7-AB2C-6C60FE754EBC}.Debug|x64.ActiveCfg = Debug|Any CPU
		{89A44FA9-27A1-45A7-AB2C-6C60FE754EBC}.Debug|x64.Build.0 = Debug|Any CPU
		{89A44FA9-27A1-45A7-AB2C-6C60FE754EBC}.Debug|x86.ActiveCfg = Debug|Any CPU
		{89A44FA9-27A1-45A7-AB2C-6C60FE754EBC}.Debug|x86.Build.0 = Debug|Any CPU
		{89A44FA9-27A1-45A7-AB2C-6C60FE754EBC}.Release|Any CPU.ActiveCfg = Release|Any CPU
		{89A44FA9-27A1-45A7-AB2C-6C60FE754EBC}.Release|Any CPU.Build.0 = Release|Any CPU
		{89A44FA9-27A1-45A7-AB2C-6C60FE754EBC}.Release|x64.ActiveCfg = Release|Any CPU
		{89A44FA9-27A1-45A7-AB2C-6C60FE754EBC}.Release|x64.Build.0 = Release|Any CPU
		{89A44FA9-27A1-45A7-AB2C-6C60FE754EBC}.Release|x86.ActiveCfg = Release|Any CPU
		{89A44FA9-27A1-45A7-AB2C-6C60FE754EBC}.Release|x86.Build.0 = Release|Any CPU
		{E001A7B7-61ED-4802-BFE2-D4D63931956E}.Debug|Any CPU.ActiveCfg = Debug|Any CPU
		{E001A7B7-61ED-4802-BFE2-D4D63931956E}.Debug|Any CPU.Build.0 = Debug|Any CPU
		{E001A7B7-61ED-4802-BFE2-D4D63931956E}.Debug|x64.ActiveCfg = Debug|Any CPU
		{E001A7B7-61ED-4802-BFE2-D4D63931956E}.Debug|x64.Build.0 = Debug|Any CPU
		{E001A7B7-61ED-4802-BFE2-D4D63931956E}.Debug|x86.ActiveCfg = Debug|Any CPU
		{E001A7B7-61ED-4802-BFE2-D4D63931956E}.Debug|x86.Build.0 = Debug|Any CPU
		{E001A7B7-61ED-4802-BFE2-D4D63931956E}.Release|Any CPU.ActiveCfg = Release|Any CPU
		{E001A7B7-61ED-4802-BFE2-D4D63931956E}.Release|Any CPU.Build.0 = Release|Any CPU
		{E001A7B7-61ED-4802-BFE2-D4D63931956E}.Release|x64.ActiveCfg = Release|Any CPU
		{E001A7B7-61ED-4802-BFE2-D4D63931956E}.Release|x64.Build.0 = Release|Any CPU
		{E001A7B7-61ED-4802-BFE2-D4D63931956E}.Release|x86.ActiveCfg = Release|Any CPU
		{E001A7B7-61ED-4802-BFE2-D4D63931956E}.Release|x86.Build.0 = Release|Any CPU
		{2218267E-BE30-43E0-AC46-48049FF59AB8}.Debug|Any CPU.ActiveCfg = Debug|Any CPU
		{2218267E-BE30-43E0-AC46-48049FF59AB8}.Debug|Any CPU.Build.0 = Debug|Any CPU
		{2218267E-BE30-43E0-AC46-48049FF59AB8}.Debug|x64.ActiveCfg = Debug|Any CPU
		{2218267E-BE30-43E0-AC46-48049FF59AB8}.Debug|x64.Build.0 = Debug|Any CPU
		{2218267E-BE30-43E0-AC46-48049FF59AB8}.Debug|x86.ActiveCfg = Debug|Any CPU
		{2218267E-BE30-43E0-AC46-48049FF59AB8}.Debug|x86.Build.0 = Debug|Any CPU
		{2218267E-BE30-43E0-AC46-48049FF59AB8}.Release|Any CPU.ActiveCfg = Release|Any CPU
		{2218267E-BE30-43E0-AC46-48049FF59AB8}.Release|Any CPU.Build.0 = Release|Any CPU
		{2218267E-BE30-43E0-AC46-48049FF59AB8}.Release|x64.ActiveCfg = Release|Any CPU
		{2218267E-BE30-43E0-AC46-48049FF59AB8}.Release|x64.Build.0 = Release|Any CPU
		{2218267E-BE30-43E0-AC46-48049FF59AB8}.Release|x86.ActiveCfg = Release|Any CPU
		{2218267E-BE30-43E0-AC46-48049FF59AB8}.Release|x86.Build.0 = Release|Any CPU
	EndGlobalSection
	GlobalSection(SolutionProperties) = preSolution
		HideSolutionNode = FALSE
	EndGlobalSection
	GlobalSection(NestedProjects) = preSolution
		{7D0AF1A1-63BA-46E6-A888-01E03297821F} = {827E0CD3-B72D-47B6-A68D-7590B98EB39B}
		{9BEE8341-EFE4-451C-A04B-63CD99AACA48} = {827E0CD3-B72D-47B6-A68D-7590B98EB39B}
		{DFCA387E-7237-4656-B3EB-7C384C6E7CB7} = {827E0CD3-B72D-47B6-A68D-7590B98EB39B}
		{5F925042-E8C8-4264-B6A2-7E74D07FB64E} = {827E0CD3-B72D-47B6-A68D-7590B98EB39B}
		{C53F62BF-5B4F-4B05-A6B0-084BF0D60CF9} = {827E0CD3-B72D-47B6-A68D-7590B98EB39B}
		{43772550-CBDF-467D-83BA-AFD16CD19A60} = {827E0CD3-B72D-47B6-A68D-7590B98EB39B}
		{318B299B-C8D5-4ACC-9F32-EE9C966123DB} = {827E0CD3-B72D-47B6-A68D-7590B98EB39B}
		{E3D05C39-8FA7-48D3-A7AE-01C565AA11EF} = {827E0CD3-B72D-47B6-A68D-7590B98EB39B}
		{89A44FA9-27A1-45A7-AB2C-6C60FE754EBC} = {827E0CD3-B72D-47B6-A68D-7590B98EB39B}
		{E001A7B7-61ED-4802-BFE2-D4D63931956E} = {827E0CD3-B72D-47B6-A68D-7590B98EB39B}
		{2218267E-BE30-43E0-AC46-48049FF59AB8} = {827E0CD3-B72D-47B6-A68D-7590B98EB39B}
	EndGlobalSection
EndGlobal
